
Microsoft Visual Studio Solution File, Format Version 12.00
# Visual Studio Version 17
VisualStudioVersion = 17.6.33723.286
MinimumVisualStudioVersion = 10.0.40219.1
Project("{FAE04EC0-301F-11D3-BF4B-00C04F79EFBC}") = "DesignPatterns.CreationalPattern.FactoryMethod", "FactoryMethod\DesignPatterns.CreationalPattern.FactoryMethod.csproj", "{1990CFAA-3F9A-417C-9B56-6BD2FE1A550F}"
EndProject
Project("{FAE04EC0-301F-11D3-BF4B-00C04F79EFBC}") = "DesignPatterns.CreationalPattern.Singleton", "DesignPatterns.CreationalPattern.Singleton\DesignPatterns.CreationalPattern.Singleton.csproj", "{AF0E21C2-79F6-4CAE-A404-37F980AE186C}"
EndProject
Project("{FAE04EC0-301F-11D3-BF4B-00C04F79EFBC}") = "DesignPatterns.CreationalPattern.AbstractFactory", "DesignPatterns.CreationalPattern.AbstractFactory\DesignPatterns.CreationalPattern.AbstractFactory.csproj", "{7C83EEB8-5726-4275-83C5-B6FDB87E3B1C}"
EndProject
Global
	GlobalSection(SolutionConfigurationPlatforms) = preSolution
		Debug|Any CPU = Debug|Any CPU
		Release|Any CPU = Release|Any CPU
	EndGlobalSection
	GlobalSection(ProjectConfigurationPlatforms) = postSolution
		{1990CFAA-3F9A-417C-9B56-6BD2FE1A550F}.Debug|Any CPU.ActiveCfg = Debug|Any CPU
		{1990CFAA-3F9A-417C-9B56-6BD2FE1A550F}.Debug|Any CPU.Build.0 = Debug|Any CPU
		{1990CFAA-3F9A-417C-9B56-6BD2FE1A550F}.Release|Any CPU.ActiveCfg = Release|Any CPU
		{1990CFAA-3F9A-417C-9B56-6BD2FE1A550F}.Release|Any CPU.Build.0 = Release|Any CPU
		{AF0E21C2-79F6-4CAE-A404-37F980AE186C}.Debug|Any CPU.ActiveCfg = Debug|Any CPU
		{AF0E21C2-79F6-4CAE-A404-37F980AE186C}.Debug|Any CPU.Build.0 = Debug|Any CPU
		{AF0E21C2-79F6-4CAE-A404-37F980AE186C}.Release|Any CPU.ActiveCfg = Release|Any CPU
		{AF0E21C2-79F6-4CAE-A404-37F980AE186C}.Release|Any CPU.Build.0 = Release|Any CPU
		{7C83EEB8-5726-4275-83C5-B6FDB87E3B1C}.Debug|Any CPU.ActiveCfg = Debug|Any CPU
		{7C83EEB8-5726-4275-83C5-B6FDB87E3B1C}.Debug|Any CPU.Build.0 = Debug|Any CPU
		{7C83EEB8-5726-4275-83C5-B6FDB87E3B1C}.Release|Any CPU.ActiveCfg = Release|Any CPU
		{7C83EEB8-5726-4275-83C5-B6FDB87E3B1C}.Release|Any CPU.Build.0 = Release|Any CPU
	EndGlobalSection
	GlobalSection(SolutionProperties) = preSolution
		HideSolutionNode = FALSE
	EndGlobalSection
	GlobalSection(ExtensibilityGlobals) = postSolution
		SolutionGuid = {EAB92FA2-6653-434A-8625-8CED9828DB99}
	EndGlobalSection
EndGlobal
